
Microsoft Visual Studio Solution File, Format Version 12.00
# Visual Studio Version 17
VisualStudioVersion = 17.9.34622.214
MinimumVisualStudioVersion = 10.0.40219.1
Project("{FAE04EC0-301F-11D3-BF4B-00C04F79EFBC}") = "program", "program\program.csproj", "{431F8F79-784A-4F2A-9854-19C32AD343B7}"
EndProject
Global
	GlobalSection(SolutionConfigurationPlatforms) = preSolution
		Debug|Any CPU = Debug|Any CPU
		Release|Any CPU = Release|Any CPU
	EndGlobalSection
	GlobalSection(ProjectConfigurationPlatforms) = postSolution
		{431F8F79-784A-4F2A-9854-19C32AD343B7}.Debug|Any CPU.ActiveCfg = Debug|Any CPU
		{431F8F79-784A-4F2A-9854-19C32AD343B7}.Debug|Any CPU.Build.0 = Debug|Any CPU
		{431F8F79-784A-4F2A-9854-19C32AD343B7}.Release|Any CPU.ActiveCfg = Release|Any CPU
		{431F8F79-784A-4F2A-9854-19C32AD343B7}.Release|Any CPU.Build.0 = Release|Any CPU
	EndGlobalSection
	GlobalSection(SolutionProperties) = preSolution
		HideSolutionNode = FALSE
	EndGlobalSection
	GlobalSection(ExtensibilityGlobals) = postSolution
		SolutionGuid = {A1E8F8F6-752B-43E3-8CD6-DE61B7964C9C}
	EndGlobalSection
EndGlobal
